
Microsoft Visual Studio Solution File, Format Version 12.00
# Visual Studio Version 16
VisualStudioVersion = 16.0.30523.141
MinimumVisualStudioVersion = 10.0.40219.1
Project("{FAE04EC0-301F-11D3-BF4B-00C04F79EFBC}") = "MatchingGame", "MatchingGame\MatchingGame.csproj", "{0BD8A7BF-D3C7-480C-BD21-DFBFB21CD903}"
EndProject
Global
	GlobalSection(SolutionConfigurationPlatforms) = preSolution
		Debug|Any CPU = Debug|Any CPU
		Release|Any CPU = Release|Any CPU
	EndGlobalSection
	GlobalSection(ProjectConfigurationPlatforms) = postSolution
		{0BD8A7BF-D3C7-480C-BD21-DFBFB21CD903}.Debug|Any CPU.ActiveCfg = Debug|Any CPU
		{0BD8A7BF-D3C7-480C-BD21-DFBFB21CD903}.Debug|Any CPU.Build.0 = Debug|Any CPU
		{0BD8A7BF-D3C7-480C-BD21-DFBFB21CD903}.Release|Any CPU.ActiveCfg = Release|Any CPU
		{0BD8A7BF-D3C7-480C-BD21-DFBFB21CD903}.Release|Any CPU.Build.0 = Release|Any CPU
	EndGlobalSection
	GlobalSection(SolutionProperties) = preSolution
		HideSolutionNode = FALSE
	EndGlobalSection
	GlobalSection(ExtensibilityGlobals) = postSolution
		SolutionGuid = {F63BB9BB-1805-4D2D-86BA-0B18490E0B0F}
	EndGlobalSection
EndGlobal
